
Microsoft Visual Studio Solution File, Format Version 12.00
# Visual Studio Version 17
VisualStudioVersion = 17.3.32901.215
MinimumVisualStudioVersion = 10.0.40219.1
Project("{FAE04EC0-301F-11D3-BF4B-00C04F79EFBC}") = "GuideBook", "GuideBook\GuideBook.csproj", "{AAE25458-C4B9-4D3D-B32E-25977E09A04C}"
EndProject
Global
	GlobalSection(SolutionConfigurationPlatforms) = preSolution
		Debug|Any CPU = Debug|Any CPU
		Release|Any CPU = Release|Any CPU
	EndGlobalSection
	GlobalSection(ProjectConfigurationPlatforms) = postSolution
		{AAE25458-C4B9-4D3D-B32E-25977E09A04C}.Debug|Any CPU.ActiveCfg = Debug|Any CPU
		{AAE25458-C4B9-4D3D-B32E-25977E09A04C}.Debug|Any CPU.Build.0 = Debug|Any CPU
		{AAE25458-C4B9-4D3D-B32E-25977E09A04C}.Release|Any CPU.ActiveCfg = Release|Any CPU
		{AAE25458-C4B9-4D3D-B32E-25977E09A04C}.Release|Any CPU.Build.0 = Release|Any CPU
	EndGlobalSection
	GlobalSection(SolutionProperties) = preSolution
		HideSolutionNode = FALSE
	EndGlobalSection
	GlobalSection(ExtensibilityGlobals) = postSolution
		SolutionGuid = {FD5E16DD-91E5-4E9B-A842-C90D6B53BF70}
	EndGlobalSection
EndGlobal
